
Microsoft Visual Studio Solution File, Format Version 12.00
# Visual Studio Version 17
VisualStudioVersion = 17.6.33712.159
MinimumVisualStudioVersion = 10.0.40219.1
Project("{2150E333-8FDC-42A3-9474-1A3956D46DE8}") = "src", "src", "{EDB7B32B-493C-4835-B61B-9B8329BDF9BF}"
EndProject
Project("{2150E333-8FDC-42A3-9474-1A3956D46DE8}") = "test", "test", "{B7DADE00-B36E-40FC-9E84-FC1244D88063}"
EndProject
Project("{2150E333-8FDC-42A3-9474-1A3956D46DE8}") = "App", "App", "{CFFC4C8C-5004-4140-8A1E-70FF3398B03A}"
EndProject
Project("{2150E333-8FDC-42A3-9474-1A3956D46DE8}") = "Libraries", "Libraries", "{168E305E-E4B1-4000-B0A9-D6B4A678ED30}"
EndProject
Project("{2150E333-8FDC-42A3-9474-1A3956D46DE8}") = "Domain", "Domain", "{4873456A-082A-49CE-BA48-01769F7E450D}"
EndProject
Project("{2150E333-8FDC-42A3-9474-1A3956D46DE8}") = "Infrastructure", "Infrastructure", "{1DE1F34C-CC93-4EF8-B492-F940C8A254B9}"
EndProject
Project("{9A19103F-16F7-4668-BE54-9A1E7A4F7556}") = "Employee.Model", "Employee.Model\Employee.Model.csproj", "{35F9FF5B-611B-40E3-95CB-787ED95D24C8}"
EndProject
Project("{9A19103F-16F7-4668-BE54-9A1E7A4F7556}") = "Employee.Repository", "Employee.Repository\Employee.Repository.csproj", "{97CB6E46-7921-4E7E-AEF7-71B499ABC86C}"
EndProject
Project("{9A19103F-16F7-4668-BE54-9A1E7A4F7556}") = "Employee.Shared", "Employee.Shared\Employee.Shared.csproj", "{6CDC76F0-7D32-4367-A5EB-7B5BEDF3B49F}"
EndProject
Project("{9A19103F-16F7-4668-BE54-9A1E7A4F7556}") = "Employee.Core", "Employee.Core\Employee.Core.csproj", "{4B1B04F1-9F2E-488E-B2B8-B672239F88DD}"
EndProject
Project("{9A19103F-16F7-4668-BE54-9A1E7A4F7556}") = "Employee.Infrastructure", "Employee.Infrastructure\Employee.Infrastructure.csproj", "{79D83138-28F3-47BF-872C-8550B81D5502}"
EndProject
Project("{9A19103F-16F7-4668-BE54-9A1E7A4F7556}") = "Employee.Ioc.Configaration", "Employee.Ioc.Configaration\Employee.Ioc.Configaration.csproj", "{A519E83E-C00D-48B4-BB91-0B24F7E6BA38}"
EndProject
Project("{9A19103F-16F7-4668-BE54-9A1E7A4F7556}") = "Employee.Service.Model", "Employee.Service.Model\Employee.Service.Model.csproj", "{CEC1F61E-8558-4E73-A308-FF10F3F0C5FB}"
EndProject
Project("{9A19103F-16F7-4668-BE54-9A1E7A4F7556}") = "Employee.Backend", "Employee.Backend\Employee.Backend.csproj", "{88116084-66DF-4A5B-B54A-8B314785D6AB}"
EndProject
Project("{2150E333-8FDC-42A3-9474-1A3956D46DE8}") = "Frontend", "Frontend", "{4FCE3735-5E7A-4080-8F9F-BC9A5D2EAB0F}"
EndProject
Project("{FAE04EC0-301F-11D3-BF4B-00C04F79EFBC}") = "Employee.Frontend", "Frontend\Employee.Frontend\Employee.Frontend.csproj", "{2CE114A4-1E6F-466A-8456-D29C0FD1EE2A}"
EndProject
Global
	GlobalSection(SolutionConfigurationPlatforms) = preSolution
		Debug|Any CPU = Debug|Any CPU
		Release|Any CPU = Release|Any CPU
	EndGlobalSection
	GlobalSection(ProjectConfigurationPlatforms) = postSolution
		{35F9FF5B-611B-40E3-95CB-787ED95D24C8}.Debug|Any CPU.ActiveCfg = Debug|Any CPU
		{35F9FF5B-611B-40E3-95CB-787ED95D24C8}.Debug|Any CPU.Build.0 = Debug|Any CPU
		{35F9FF5B-611B-40E3-95CB-787ED95D24C8}.Release|Any CPU.ActiveCfg = Release|Any CPU
		{35F9FF5B-611B-40E3-95CB-787ED95D24C8}.Release|Any CPU.Build.0 = Release|Any CPU
		{97CB6E46-7921-4E7E-AEF7-71B499ABC86C}.Debug|Any CPU.ActiveCfg = Debug|Any CPU
		{97CB6E46-7921-4E7E-AEF7-71B499ABC86C}.Debug|Any CPU.Build.0 = Debug|Any CPU
		{97CB6E46-7921-4E7E-AEF7-71B499ABC86C}.Release|Any CPU.ActiveCfg = Release|Any CPU
		{97CB6E46-7921-4E7E-AEF7-71B499ABC86C}.Release|Any CPU.Build.0 = Release|Any CPU
		{6CDC76F0-7D32-4367-A5EB-7B5BEDF3B49F}.Debug|Any CPU.ActiveCfg = Debug|Any CPU
		{6CDC76F0-7D32-4367-A5EB-7B5BEDF3B49F}.Debug|Any CPU.Build.0 = Debug|Any CPU
		{6CDC76F0-7D32-4367-A5EB-7B5BEDF3B49F}.Release|Any CPU.ActiveCfg = Release|Any CPU
		{6CDC76F0-7D32-4367-A5EB-7B5BEDF3B49F}.Release|Any CPU.Build.0 = Release|Any CPU
		{4B1B04F1-9F2E-488E-B2B8-B672239F88DD}.Debug|Any CPU.ActiveCfg = Debug|Any CPU
		{4B1B04F1-9F2E-488E-B2B8-B672239F88DD}.Debug|Any CPU.Build.0 = Debug|Any CPU
		{4B1B04F1-9F2E-488E-B2B8-B672239F88DD}.Release|Any CPU.ActiveCfg = Release|Any CPU
		{4B1B04F1-9F2E-488E-B2B8-B672239F88DD}.Release|Any CPU.Build.0 = Release|Any CPU
		{79D83138-28F3-47BF-872C-8550B81D5502}.Debug|Any CPU.ActiveCfg = Debug|Any CPU
		{79D83138-28F3-47BF-872C-8550B81D5502}.Debug|Any CPU.Build.0 = Debug|Any CPU
		{79D83138-28F3-47BF-872C-8550B81D5502}.Release|Any CPU.ActiveCfg = Release|Any CPU
		{79D83138-28F3-47BF-872C-8550B81D5502}.Release|Any CPU.Build.0 = Release|Any CPU
		{A519E83E-C00D-48B4-BB91-0B24F7E6BA38}.Debug|Any CPU.ActiveCfg = Debug|Any CPU
		{A519E83E-C00D-48B4-BB91-0B24F7E6BA38}.Debug|Any CPU.Build.0 = Debug|Any CPU
		{A519E83E-C00D-48B4-BB91-0B24F7E6BA38}.Release|Any CPU.ActiveCfg = Release|Any CPU
		{A519E83E-C00D-48B4-BB91-0B24F7E6BA38}.Release|Any CPU.Build.0 = Release|Any CPU
		{CEC1F61E-8558-4E73-A308-FF10F3F0C5FB}.Debug|Any CPU.ActiveCfg = Debug|Any CPU
		{CEC1F61E-8558-4E73-A308-FF10F3F0C5FB}.Debug|Any CPU.Build.0 = Debug|Any CPU
		{CEC1F61E-8558-4E73-A308-FF10F3F0C5FB}.Release|Any CPU.ActiveCfg = Release|Any CPU
		{CEC1F61E-8558-4E73-A308-FF10F3F0C5FB}.Release|Any CPU.Build.0 = Release|Any CPU
		{88116084-66DF-4A5B-B54A-8B314785D6AB}.Debug|Any CPU.ActiveCfg = Debug|Any CPU
		{88116084-66DF-4A5B-B54A-8B314785D6AB}.Debug|Any CPU.Build.0 = Debug|Any CPU
		{88116084-66DF-4A5B-B54A-8B314785D6AB}.Release|Any CPU.ActiveCfg = Release|Any CPU
		{88116084-66DF-4A5B-B54A-8B314785D6AB}.Release|Any CPU.Build.0 = Release|Any CPU
		{2CE114A4-1E6F-466A-8456-D29C0FD1EE2A}.Debug|Any CPU.ActiveCfg = Debug|Any CPU
		{2CE114A4-1E6F-466A-8456-D29C0FD1EE2A}.Debug|Any CPU.Build.0 = Debug|Any CPU
		{2CE114A4-1E6F-466A-8456-D29C0FD1EE2A}.Release|Any CPU.ActiveCfg = Release|Any CPU
		{2CE114A4-1E6F-466A-8456-D29C0FD1EE2A}.Release|Any CPU.Build.0 = Release|Any CPU
	EndGlobalSection
	GlobalSection(SolutionProperties) = preSolution
		HideSolutionNode = FALSE
	EndGlobalSection
	GlobalSection(NestedProjects) = preSolution
		{CFFC4C8C-5004-4140-8A1E-70FF3398B03A} = {EDB7B32B-493C-4835-B61B-9B8329BDF9BF}
		{168E305E-E4B1-4000-B0A9-D6B4A678ED30} = {EDB7B32B-493C-4835-B61B-9B8329BDF9BF}
		{4873456A-082A-49CE-BA48-01769F7E450D} = {168E305E-E4B1-4000-B0A9-D6B4A678ED30}
		{1DE1F34C-CC93-4EF8-B492-F940C8A254B9} = {168E305E-E4B1-4000-B0A9-D6B4A678ED30}
		{35F9FF5B-611B-40E3-95CB-787ED95D24C8} = {4873456A-082A-49CE-BA48-01769F7E450D}
		{97CB6E46-7921-4E7E-AEF7-71B499ABC86C} = {4873456A-082A-49CE-BA48-01769F7E450D}
		{6CDC76F0-7D32-4367-A5EB-7B5BEDF3B49F} = {4873456A-082A-49CE-BA48-01769F7E450D}
		{4B1B04F1-9F2E-488E-B2B8-B672239F88DD} = {1DE1F34C-CC93-4EF8-B492-F940C8A254B9}
		{79D83138-28F3-47BF-872C-8550B81D5502} = {1DE1F34C-CC93-4EF8-B492-F940C8A254B9}
		{A519E83E-C00D-48B4-BB91-0B24F7E6BA38} = {1DE1F34C-CC93-4EF8-B492-F940C8A254B9}
		{CEC1F61E-8558-4E73-A308-FF10F3F0C5FB} = {1DE1F34C-CC93-4EF8-B492-F940C8A254B9}
		{88116084-66DF-4A5B-B54A-8B314785D6AB} = {CFFC4C8C-5004-4140-8A1E-70FF3398B03A}
		{2CE114A4-1E6F-466A-8456-D29C0FD1EE2A} = {4FCE3735-5E7A-4080-8F9F-BC9A5D2EAB0F}
	EndGlobalSection
	GlobalSection(ExtensibilityGlobals) = postSolution
		SolutionGuid = {85309A1F-0CA1-430E-91CA-227776B81DDC}
	EndGlobalSection
EndGlobal
